// !$*UTF8*$!
{
	archiveVersion = 1;
	classes = {
	};
	objectVersion = 46;
	objects = {

/* Begin PBXBuildFile section */
		9DDC76AC1DB029C400C4139A /* AppDelegate.swift in Sources */ = {isa = PBXBuildFile; fileRef = 9DDC76AB1DB029C400C4139A /* AppDelegate.swift */; };
		9DDC76AE1DB029C400C4139A /* ViewController.swift in Sources */ = {isa = PBXBuildFile; fileRef = 9DDC76AD1DB029C400C4139A /* ViewController.swift */; };
		9DDC76B11DB029C400C4139A /* Main.storyboard in Resources */ = {isa = PBXBuildFile; fileRef = 9DDC76AF1DB029C400C4139A /* Main.storyboard */; };
		9DDC76B31DB029C400C4139A /* Assets.xcassets in Resources */ = {isa = PBXBuildFile; fileRef = 9DDC76B21DB029C400C4139A /* Assets.xcassets */; };
		9DDC76B61DB029C400C4139A /* LaunchScreen.storyboard in Resources */ = {isa = PBXBuildFile; fileRef = 9DDC76B41DB029C400C4139A /* LaunchScreen.storyboard */; };
/* End PBXBuildFile section */

/* Begin PBXFileReference section */
		9DDC76A81DB029C400C4139A /* times-table-app.app */ = {isa = PBXFileReference; explicitFileType = wrapper.application; includeInIndex = 0; path = "times-table-app.app"; sourceTree = BUILT_PRODUCTS_DIR; };
		9DDC76AB1DB029C400C4139A /* AppDelegate.swift */ = {isa = PBXFileReference; lastKnownFileType = sourcecode.swift; path = AppDelegate.swift; sourceTree = "<group>"; };
		9DDC76AD1DB029C400C4139A /* ViewController.swift */ = {isa = PBXFileReference; lastKnownFileType = sourcecode.swift; path = ViewController.swift; sourceTree = "<group>"; };
		9DDC76B01DB029C400C4139A /* Base */ = {isa = PBXFileReference; lastKnownFileType = file.storyboard; name = Base; path = Base.lproj/Main.storyboard; sourceTree = "<group>"; };
		9DDC76B21DB029C400C4139A /* Assets.xcassets */ = {isa = PBXFileReference; lastKnownFileType = folder.assetcatalog; path = Assets.xcassets; sourceTree = "<group>"; };
		9DDC76B51DB029C400C4139A /* Base */ = {isa = PBXFileReference; lastKnownFileType = file.storyboard; name = Base; path = Base.lproj/LaunchScreen.storyboard; sourceTree = "<group>"; };
		9DDC76B71DB029C400C4139A /* Info.plist */ = {isa = PBXFileReference; lastKnownFileType = text.plist.xml; path = Info.plist; sourceTree = "<group>"; };
/* End PBXFileReference section */

/* Begin PBXFrameworksBuildPhase section */
		9DDC76A51DB029C400C4139A /* Frameworks */ = {
			isa = PBXFrameworksBuildPhase;
			buildActionMask = 2147483647;
			files = (
			);
			runOnlyForDeploymentPostprocessing = 0;
		};
/* End PBXFrameworksBuildPhase section */

/* Begin PBXGroup section */
		9DDC769F1DB029C400C4139A = {
			isa = PBXGroup;
			children = (
				9DDC76AA1DB029C400C4139A /* times-table-app */,
				9DDC76A91DB029C400C4139A /* Products */,
			);
			sourceTree = "<group>";
		};
		9DDC76A91DB029C400C4139A /* Products */ = {
			isa = PBXGroup;
			children = (
				9DDC76A81DB029C400C4139A /* times-table-app.app */,
			);
			name = Products;
			sourceTree = "<group>";
		};
		9DDC76AA1DB029C400C4139A /* times-table-app */ = {
			isa = PBXGroup;
			children = (
				9DDC76AB1DB029C400C4139A /* AppDelegate.swift */,
				9DDC76AD1DB029C400C4139A /* ViewController.swift */,
				9DDC76AF1DB029C400C4139A /* Main.storyboard */,
				9DDC76B21DB029C400C4139A /* Assets.xcassets */,
				9DDC76B41DB029C400C4139A /* LaunchScreen.storyboard */,
				9DDC76B71DB029C400C4139A /* Info.plist */,
			);
			path = "times-table-app";
			sourceTree = "<group>";
		};
/* End PBXGroup section */

/* Begin PBXNativeTarget section */
		9DDC76A71DB029C400C4139A /* times-table-app */ = {
			isa = PBXNativeTarget;
			buildConfigurationList = 9DDC76BA1DB029C400C4139A /* Build configuration list for PBXNativeTarget "times-table-app" */;
			buildPhases = (
				9DDC76A41DB029C400C4139A /* Sources */,
				9DDC76A51DB029C400C4139A /* Frameworks */,
				9DDC76A61DB029C400C4139A /* Resources */,
			);
			buildRules = (
			);
			dependencies = (
			);
			name = "times-table-app";
			productName = "times-table-app";
			productReference = 9DDC76A81DB029C400C4139A /* times-table-app.app */;
			productType = "com.apple.product-type.application";
		};
/* End PBXNativeTarget section */

/* Begin PBXProject section */
		9DDC76A01DB029C400C4139A /* Project object */ = {
			isa = PBXProject;
			attributes = {
				LastSwiftUpdateCheck = 0800;
				LastUpgradeCheck = 0800;
				ORGANIZATIONNAME = "ObviPop LLC";
				TargetAttributes = {
					9DDC76A71DB029C400C4139A = {
						CreatedOnToolsVersion = 8.0;
						DevelopmentTeam = M583RMCP8F;
						ProvisioningStyle = Automatic;
					};
				};
			};
			buildConfigurationList = 9DDC76A31DB029C400C4139A /* Build configuration list for PBXProject "times-table-app" */;
			compatibilityVersion = "Xcode 3.2";
			developmentRegion = English;
			hasScannedForEncodings = 0;
			knownRegions = (
				en,
				Base,
			);
			mainGroup = 9DDC769F1DB029C400C4139A;
			productRefGroup = 9DDC76A91DB029C400C4139A /* Products */;
			projectDirPath = "";
			projectRoot = "";
			targets = (
				9DDC76A71DB029C400C4139A /* times-table-app */,
			);
		};
/* End PBXProject section */

/* Begin PBXResourcesBuildPhase section */
		9DDC76A61DB029C400C4139A /* Resources */ = {
			isa = PBXResourcesBuildPhase;
			buildActionMask = 2147483647;
			files = (
				9DDC76B61DB029C400C4139A /* LaunchScreen.storyboard in Resources */,
				9DDC76B31DB029C400C4139A /* Assets.xcassets in Resources */,
				9DDC76B11DB029C400C4139A /* Main.storyboard in Resources */,
			);
			runOnlyForDeploymentPostprocessing = 0;
		};
/* End PBXResourcesBuildPhase section */

/* Begin PBXSourcesBuildPhase section */
		9DDC76A41DB029C400C4139A /* Sources */ = {
			isa = PBXSourcesBuildPhase;
			buildActionMask = 2147483647;
			files = (
				9DDC76AE1DB029C400C4139A /* ViewController.swift in Sources */,
				9DDC76AC1DB029C400C4139A /* AppDelegate.swift in Sources */,
			);
			runOnlyForDeploymentPostprocessing = 0;
		};
/* End PBXSourcesBuildPhase section */

/* Begin PBXVariantGroup section */
		9DDC76AF1DB029C400C4139A /* Main.storyboard */ = {
			isa = PBXVariantGroup;
			children = (
				9DDC76B01DB029C400C4139A /* Base */,
			);
			name = Main.storyboard;
			sourceTree = "<group>";
		};
		9DDC76B41DB029C400C4139A /* LaunchScreen.storyboard */ = {
			isa = PBXVariantGroup;
			children = (
				9DDC76B51DB029C400C4139A /* Base */,
			);
			name = LaunchScreen.storyboard;
			sourceTree = "<group>";
		};
/* End PBXVariantGroup section */

/* Begin XCBuildConfiguration section */
		9DDC76B81DB029C400C4139A /* Debug */ = {
			isa = XCBuildConfiguration;
			buildSettings = {
				ALWAYS_SEARCH_USER_PATHS = NO;
				CLANG_ANALYZER_NONNULL = YES;
				CLANG_CXX_LANGUAGE_STANDARD = "gnu++0x";
				CLANG_CXX_LIBRARY = "libc++";
				CLANG_ENABLE_MODULES = YES;
				CLANG_ENABLE_OBJC_ARC = YES;
				CLANG_WARN_BOOL_CONVERSION = YES;
				CLANG_WARN_CONSTANT_CONVERSION = YES;
				CLANG_WARN_DIRECT_OBJC_ISA_USAGE = YES_ERROR;
				CLANG_WARN_DOCUMENTATION_COMMENTS = YES;
				CLANG_WARN_EMPTY_BODY = YES;
				CLANG_WARN_ENUM_CONVERSION = YES;
				CLANG_WARN_INFINITE_RECURSION = YES;
				CLANG_WARN_INT_CONVERSION = YES;
				CLANG_WARN_OBJC_ROOT_CLASS = YES_ERROR;
				CLANG_WARN_SUSPICIOUS_MOVES = YES;
				CLANG_WARN_UNREACHABLE_CODE = YES;
				CLANG_WARN__DUPLICATE_METHOD_MATCH = YES;
				"CODE_SIGN_IDENTITY[sdk=iphoneos*]" = "iPhone Developer";
				COPY_PHASE_STRIP = NO;
				DEBUG_INFORMATION_FORMAT = dwarf;
				ENABLE_STRICT_OBJC_MSGSEND = YES;
				ENABLE_TESTABILITY = YES;
				GCC_C_LANGUAGE_STANDARD = gnu99;
				GCC_DYNAMIC_NO_PIC = NO;
				GCC_NO_COMMON_BLOCKS = YES;
				GCC_OPTIMIZATION_LEVEL = 0;
				GCC_PREPROCESSOR_DEFINITIONS = (
					"DEBUG=1",
					"$(inherited)",
				);
				GCC_WARN_64_TO_32_BIT_CONVERSION = YES;
				GCC_WARN_ABOUT_RETURN_TYPE = YES_ERROR;
				GCC_WARN_UNDECLARED_SELECTOR = YES;
				GCC_WARN_UNINITIALIZED_AUTOS = YES_AGGRESSIVE;
				GCC_WARN_UNUSED_FUNCTION = YES;
				GCC_WARN_UNUSED_VARIABLE = YES;
				IPHONEOS_DEPLOYMENT_TARGET = 10.0;
				MTL_ENABLE_DEBUG_INFO = YES;
				ONLY_ACTIVE_ARCH = YES;
				SDKROOT = iphoneos;
				SWIFT_ACTIVE_COMPILATION_CONDITIONS = DEBUG;
				SWIFT_OPTIMIZATION_LEVEL = "-Onone";
			};
			name = Debug;
		};
		9DDC76B91DB029C400C4139A /* Release */ = {
			isa = XCBuildConfiguration;
			buildSettings = {
				ALWAYS_SEARCH_USER_PATHS = NO;
				CLANG_ANALYZER_NONNULL = YES;
				CLANG_CXX_LANGUAGE_STANDARD = "gnu++0x";
				CLANG_CXX_LIBRARY = "libc++";
				CLANG_ENABLE_MODULES = YES;
				CLANG_ENABLE_OBJC_ARC = YES;
				CLANG_WARN_BOOL_CONVERSION = YES;
				CLANG_WARN_CONSTANT_CONVERSION = YES;
				CLANG_WARN_DIRECT_OBJC_ISA_USAGE = YES_ERROR;
				CLANG_WARN_DOCUMENTATION_COMMENTS = YES;
				CLANG_WARN_EMPTY_BODY = YES;
				CLANG_WARN_ENUM_CONVERSION = YES;
				CLANG_WARN_INFINITE_RECURSION = YES;
				CLANG_WARN_INT_CONVERSION = YES;
				CLANG_WARN_OBJC_ROOT_CLASS = YES_ERROR;
				CLANG_WARN_SUSPICIOUS_MOVES = YES;
				CLANG_WARN_UNREACHABLE_CODE = YES;
				CLANG_WARN__DUPLICATE_METHOD_MATCH = YES;
				"CODE_SIGN_IDENTITY[sdk=iphoneos*]" = "iPhone Developer";
				COPY_PHASE_STRIP = NO;
				DEBUG_INFORMATION_FORMAT = "dwarf-with-dsym";
				ENABLE_NS_ASSERTIONS = NO;
				ENABLE_STRICT_OBJC_MSGSEND = YES;
				GCC_C_LANGUAGE_STANDARD = gnu99;
				GCC_NO_COMMON_BLOCKS = YES;
				GCC_WARN_64_TO_32_BIT_CONVERSION = YES;
				GCC_WARN_ABOUT_RETURN_TYPE = YES_ERROR;
				GCC_WARN_UNDECLARED_SELECTOR = YES;
				GCC_WARN_UNINITIALIZED_AUTOS = YES_AGGRESSIVE;
				GCC_WARN_UNUSED_FUNCTION = YES;
				GCC_WARN_UNUSED_VARIABLE = YES;
				IPHONEOS_DEPLOYMENT_TARGET = 10.0;
				MTL_ENABLE_DEBUG_INFO = NO;
				SDKROOT = iphoneos;
				SWIFT_OPTIMIZATION_LEVEL = "-Owholemodule";
				VALIDATE_PRODUCT = YES;
			};
			name = Release;
		};
		9DDC76BB1DB029C400C4139A /* Debug */ = {
			isa = XCBuildConfiguration;
			buildSettings = {
				ASSETCATALOG_COMPILER_APPICON_NAME = AppIcon;
				DEVELOPMENT_TEAM = M583RMCP8F;
				INFOPLIST_FILE = "times-table-app/Info.plist";
				LD_RUNPATH_SEARCH_PATHS = "$(inherited) @executable_path/Frameworks";
				PRODUCT_BUNDLE_IDENTIFIER = "com.OP.times-table-app";
				PRODUCT_NAME = "$(TARGET_NAME)";
				SWIFT_VERSION = 3.0;
			};
			name = Debug;
		};
		9DDC76BC1DB029C400C4139A /* Release */ = {
			isa = XCBuildConfiguration;
			buildSettings = {
				ASSETCATALOG_COMPILER_APPICON_NAME = AppIcon;
				DEVELOPMENT_TEAM = M583RMCP8F;
				INFOPLIST_FILE = "times-table-app/Info.plist";
				LD_RUNPATH_SEARCH_PATHS = "$(inherited) @executable_path/Frameworks";
				PRODUCT_BUNDLE_IDENTIFIER = "com.OP.times-table-app";
				PRODUCT_NAME = "$(TARGET_NAME)";
				SWIFT_VERSION = 3.0;
			};
			name = Release;
		};
/* End XCBuildConfiguration section */

/* Begin XCConfigurationList section */
		9DDC76A31DB029C400C4139A /* Build configuration list for PBXProject "times-table-app" */ = {
			isa = XCConfigurationList;
			buildConfigurations = (
				9DDC76B81DB029C400C4139A /* Debug */,
				9DDC76B91DB029C400C4139A /* Release */,
			);
			defaultConfigurationIsVisible = 0;
			defaultConfigurationName = Release;
		};
		9DDC76BA1DB029C400C4139A /* Build configuration list for PBXNativeTarget "times-table-app" */ = {
			isa = XCConfigurationList;
			buildConfigurations = (
				9DDC76BB1DB029C400C4139A /* Debug */,
				9DDC76BC1DB029C400C4139A /* Release */,
			);
			defaultConfigurationIsVisible = 0;
		};
/* End XCConfigurationList section */
	};
	rootObject = 9DDC76A01DB029C400C4139A /* Project object */;
}
